// !$*UTF8*$!
{
	archiveVersion = 1;
	classes = {
	};
	objectVersion = 56;
	objects = {

/* Begin PBXBuildFile section */
		E0F85A922C4011680075E7A9 /* AppDelegate.swift in Sources */ = {isa = PBXBuildFile; fileRef = E0F85A912C4011680075E7A9 /* AppDelegate.swift */; };
		E0F85A942C4011680075E7A9 /* SceneDelegate.swift in Sources */ = {isa = PBXBuildFile; fileRef = E0F85A932C4011680075E7A9 /* SceneDelegate.swift */; };
		E0F85A9B2C4011690075E7A9 /* Assets.xcassets in Resources */ = {isa = PBXBuildFile; fileRef = E0F85A9A2C4011690075E7A9 /* Assets.xcassets */; };
		E0F85A9E2C4011690075E7A9 /* Base in Resources */ = {isa = PBXBuildFile; fileRef = E0F85A9D2C4011690075E7A9 /* Base */; };
		E0F85AA62C4011D00075E7A9 /* .gitignore in Resources */ = {isa = PBXBuildFile; fileRef = E0F85AA52C4011D00075E7A9 /* .gitignore */; };
		E0F85AA92C40124D0075E7A9 /* MainViewController.swift in Sources */ = {isa = PBXBuildFile; fileRef = E0F85AA82C40124D0075E7A9 /* MainViewController.swift */; };
		E0F85AAC2C4013EC0075E7A9 /* BaseViewController.swift in Sources */ = {isa = PBXBuildFile; fileRef = E0F85AAB2C4013EC0075E7A9 /* BaseViewController.swift */; };
		E0F85AAE2C4014960075E7A9 /* BaseCollectionViewCell.swift in Sources */ = {isa = PBXBuildFile; fileRef = E0F85AAD2C4014960075E7A9 /* BaseCollectionViewCell.swift */; };
		E0F85AB02C4014FB0075E7A9 /* BaseTableViewCell.swift in Sources */ = {isa = PBXBuildFile; fileRef = E0F85AAF2C4014FB0075E7A9 /* BaseTableViewCell.swift */; };
		E0F85AB42C4016820075E7A9 /* Resource.swift in Sources */ = {isa = PBXBuildFile; fileRef = E0F85AB32C4016820075E7A9 /* Resource.swift */; };
		E0F85AB72C4017310075E7A9 /* SnapKit in Frameworks */ = {isa = PBXBuildFile; productRef = E0F85AB62C4017310075E7A9 /* SnapKit */; };
		E0F85ABA2C4018C30075E7A9 /* APIKey.swift in Sources */ = {isa = PBXBuildFile; fileRef = E0F85AB92C4018C30075E7A9 /* APIKey.swift */; };
		E0F85ABD2C401A5D0075E7A9 /* CurrentWeather.swift in Sources */ = {isa = PBXBuildFile; fileRef = E0F85ABC2C401A5D0075E7A9 /* CurrentWeather.swift */; };
		E0F85AC22C401C010075E7A9 /* Alamofire in Frameworks */ = {isa = PBXBuildFile; productRef = E0F85AC12C401C010075E7A9 /* Alamofire */; };
		E0F85AC42C401C720075E7A9 /* URLRequestCase.swift in Sources */ = {isa = PBXBuildFile; fileRef = E0F85AC32C401C720075E7A9 /* URLRequestCase.swift */; };
		E0F85ACD2C4027CE0075E7A9 /* Observable.swift in Sources */ = {isa = PBXBuildFile; fileRef = E0F85ACC2C4027CE0075E7A9 /* Observable.swift */; };
		E0F85ACF2C40286A0075E7A9 /* MainViewModel.swift in Sources */ = {isa = PBXBuildFile; fileRef = E0F85ACE2C40286A0075E7A9 /* MainViewModel.swift */; };
		E0F85AD32C4031740075E7A9 /* RegularWeather.swift in Sources */ = {isa = PBXBuildFile; fileRef = E0F85AD22C4031740075E7A9 /* RegularWeather.swift */; };
		E0F85AD62C40BDC50075E7A9 /* NetworkService.swift in Sources */ = {isa = PBXBuildFile; fileRef = E0F85AD52C40BDC50075E7A9 /* NetworkService.swift */; };
		E0F85AD92C40BE300075E7A9 /* NetworkProtocol.swift in Sources */ = {isa = PBXBuildFile; fileRef = E0F85AD82C40BE300075E7A9 /* NetworkProtocol.swift */; };
		E0F85ADB2C40C0E60075E7A9 /* Identifier.swift in Sources */ = {isa = PBXBuildFile; fileRef = E0F85ADA2C40C0E60075E7A9 /* Identifier.swift */; };
		E0F85ADD2C40C1940075E7A9 /* TableViewHeader.swift in Sources */ = {isa = PBXBuildFile; fileRef = E0F85ADC2C40C1940075E7A9 /* TableViewHeader.swift */; };
		E0F85AE22C40DD3E0075E7A9 /* RegularHoursTableViewCell.swift in Sources */ = {isa = PBXBuildFile; fileRef = E0F85AE12C40DD3E0075E7A9 /* RegularHoursTableViewCell.swift */; };
		E0F85AE42C40DE980075E7A9 /* RegularHoursCell.swift in Sources */ = {isa = PBXBuildFile; fileRef = E0F85AE32C40DE980075E7A9 /* RegularHoursCell.swift */; };
		E0F85AE72C410E380075E7A9 /* Kingfisher in Frameworks */ = {isa = PBXBuildFile; productRef = E0F85AE62C410E380075E7A9 /* Kingfisher */; };
		E0F85AE92C41111E0075E7A9 /* UserDefaultsManager.swift in Sources */ = {isa = PBXBuildFile; fileRef = E0F85AE82C41111E0075E7A9 /* UserDefaultsManager.swift */; };
		E0F85AED2C4120C00075E7A9 /* RegularDaysWeather.swift in Sources */ = {isa = PBXBuildFile; fileRef = E0F85AEC2C4120C00075E7A9 /* RegularDaysWeather.swift */; };
		E0F85AF02C4124B70075E7A9 /* RegularDaysTableViewCell.swift in Sources */ = {isa = PBXBuildFile; fileRef = E0F85AEF2C4124B70075E7A9 /* RegularDaysTableViewCell.swift */; };
		E0F85AF22C41258C0075E7A9 /* RegularDaysCell.swift in Sources */ = {isa = PBXBuildFile; fileRef = E0F85AF12C41258C0075E7A9 /* RegularDaysCell.swift */; };
		E0F85AF72C414F8C0075E7A9 /* DateFormatterManager.swift in Sources */ = {isa = PBXBuildFile; fileRef = E0F85AF62C414F8C0075E7A9 /* DateFormatterManager.swift */; };
		E0F85AFB2C4152F10075E7A9 /* CustomBorder.swift in Sources */ = {isa = PBXBuildFile; fileRef = E0F85AFA2C4152F10075E7A9 /* CustomBorder.swift */; };
		E0F85AFE2C4159590075E7A9 /* CityListViewController.swift in Sources */ = {isa = PBXBuildFile; fileRef = E0F85AFD2C4159590075E7A9 /* CityListViewController.swift */; };
		E0F85B002C4247B10075E7A9 /* CityList.json in Resources */ = {isa = PBXBuildFile; fileRef = E0F85AFF2C4247B10075E7A9 /* CityList.json */; };
		E0F85B022C4247EE0075E7A9 /* CityList.swift in Sources */ = {isa = PBXBuildFile; fileRef = E0F85B012C4247EE0075E7A9 /* CityList.swift */; };
		E0F85B042C42484C0075E7A9 /* CityListViewModel.swift in Sources */ = {isa = PBXBuildFile; fileRef = E0F85B032C42484C0075E7A9 /* CityListViewModel.swift */; };
/* End PBXBuildFile section */

/* Begin PBXFileReference section */
		E0F85A8E2C4011680075E7A9 /* Weather.app */ = {isa = PBXFileReference; explicitFileType = wrapper.application; includeInIndex = 0; path = Weather.app; sourceTree = BUILT_PRODUCTS_DIR; };
		E0F85A912C4011680075E7A9 /* AppDelegate.swift */ = {isa = PBXFileReference; lastKnownFileType = sourcecode.swift; path = AppDelegate.swift; sourceTree = "<group>"; };
		E0F85A932C4011680075E7A9 /* SceneDelegate.swift */ = {isa = PBXFileReference; lastKnownFileType = sourcecode.swift; path = SceneDelegate.swift; sourceTree = "<group>"; };
		E0F85A9A2C4011690075E7A9 /* Assets.xcassets */ = {isa = PBXFileReference; lastKnownFileType = folder.assetcatalog; path = Assets.xcassets; sourceTree = "<group>"; };
		E0F85A9D2C4011690075E7A9 /* Base */ = {isa = PBXFileReference; lastKnownFileType = file.storyboard; name = Base; path = Base.lproj/LaunchScreen.storyboard; sourceTree = "<group>"; };
		E0F85A9F2C4011690075E7A9 /* Info.plist */ = {isa = PBXFileReference; lastKnownFileType = text.plist.xml; path = Info.plist; sourceTree = "<group>"; };
		E0F85AA52C4011D00075E7A9 /* .gitignore */ = {isa = PBXFileReference; lastKnownFileType = text; path = .gitignore; sourceTree = "<group>"; };
		E0F85AA82C40124D0075E7A9 /* MainViewController.swift */ = {isa = PBXFileReference; lastKnownFileType = sourcecode.swift; path = MainViewController.swift; sourceTree = "<group>"; };
		E0F85AAB2C4013EC0075E7A9 /* BaseViewController.swift */ = {isa = PBXFileReference; lastKnownFileType = sourcecode.swift; path = BaseViewController.swift; sourceTree = "<group>"; };
		E0F85AAD2C4014960075E7A9 /* BaseCollectionViewCell.swift */ = {isa = PBXFileReference; lastKnownFileType = sourcecode.swift; path = BaseCollectionViewCell.swift; sourceTree = "<group>"; };
		E0F85AAF2C4014FB0075E7A9 /* BaseTableViewCell.swift */ = {isa = PBXFileReference; lastKnownFileType = sourcecode.swift; path = BaseTableViewCell.swift; sourceTree = "<group>"; };
		E0F85AB32C4016820075E7A9 /* Resource.swift */ = {isa = PBXFileReference; lastKnownFileType = sourcecode.swift; path = Resource.swift; sourceTree = "<group>"; };
		E0F85AB92C4018C30075E7A9 /* APIKey.swift */ = {isa = PBXFileReference; lastKnownFileType = sourcecode.swift; path = APIKey.swift; sourceTree = "<group>"; };
		E0F85ABC2C401A5D0075E7A9 /* CurrentWeather.swift */ = {isa = PBXFileReference; lastKnownFileType = sourcecode.swift; path = CurrentWeather.swift; sourceTree = "<group>"; };
		E0F85AC32C401C720075E7A9 /* URLRequestCase.swift */ = {isa = PBXFileReference; lastKnownFileType = sourcecode.swift; path = URLRequestCase.swift; sourceTree = "<group>"; };
		E0F85ACC2C4027CE0075E7A9 /* Observable.swift */ = {isa = PBXFileReference; lastKnownFileType = sourcecode.swift; path = Observable.swift; sourceTree = "<group>"; };
		E0F85ACE2C40286A0075E7A9 /* MainViewModel.swift */ = {isa = PBXFileReference; lastKnownFileType = sourcecode.swift; path = MainViewModel.swift; sourceTree = "<group>"; };
		E0F85AD22C4031740075E7A9 /* RegularWeather.swift */ = {isa = PBXFileReference; lastKnownFileType = sourcecode.swift; path = RegularWeather.swift; sourceTree = "<group>"; };
		E0F85AD52C40BDC50075E7A9 /* NetworkService.swift */ = {isa = PBXFileReference; lastKnownFileType = sourcecode.swift; path = NetworkService.swift; sourceTree = "<group>"; };
		E0F85AD82C40BE300075E7A9 /* NetworkProtocol.swift */ = {isa = PBXFileReference; lastKnownFileType = sourcecode.swift; path = NetworkProtocol.swift; sourceTree = "<group>"; };
		E0F85ADA2C40C0E60075E7A9 /* Identifier.swift */ = {isa = PBXFileReference; lastKnownFileType = sourcecode.swift; path = Identifier.swift; sourceTree = "<group>"; };
		E0F85ADC2C40C1940075E7A9 /* TableViewHeader.swift */ = {isa = PBXFileReference; lastKnownFileType = sourcecode.swift; path = TableViewHeader.swift; sourceTree = "<group>"; };
		E0F85AE12C40DD3E0075E7A9 /* RegularHoursTableViewCell.swift */ = {isa = PBXFileReference; lastKnownFileType = sourcecode.swift; path = RegularHoursTableViewCell.swift; sourceTree = "<group>"; };
		E0F85AE32C40DE980075E7A9 /* RegularHoursCell.swift */ = {isa = PBXFileReference; lastKnownFileType = sourcecode.swift; path = RegularHoursCell.swift; sourceTree = "<group>"; };
		E0F85AE82C41111E0075E7A9 /* UserDefaultsManager.swift */ = {isa = PBXFileReference; lastKnownFileType = sourcecode.swift; path = UserDefaultsManager.swift; sourceTree = "<group>"; };
		E0F85AEC2C4120C00075E7A9 /* RegularDaysWeather.swift */ = {isa = PBXFileReference; lastKnownFileType = sourcecode.swift; path = RegularDaysWeather.swift; sourceTree = "<group>"; };
		E0F85AEF2C4124B70075E7A9 /* RegularDaysTableViewCell.swift */ = {isa = PBXFileReference; lastKnownFileType = sourcecode.swift; path = RegularDaysTableViewCell.swift; sourceTree = "<group>"; };
		E0F85AF12C41258C0075E7A9 /* RegularDaysCell.swift */ = {isa = PBXFileReference; lastKnownFileType = sourcecode.swift; path = RegularDaysCell.swift; sourceTree = "<group>"; };
		E0F85AF62C414F8C0075E7A9 /* DateFormatterManager.swift */ = {isa = PBXFileReference; lastKnownFileType = sourcecode.swift; path = DateFormatterManager.swift; sourceTree = "<group>"; };
		E0F85AFA2C4152F10075E7A9 /* CustomBorder.swift */ = {isa = PBXFileReference; lastKnownFileType = sourcecode.swift; path = CustomBorder.swift; sourceTree = "<group>"; };
		E0F85AFD2C4159590075E7A9 /* CityListViewController.swift */ = {isa = PBXFileReference; lastKnownFileType = sourcecode.swift; path = CityListViewController.swift; sourceTree = "<group>"; };
		E0F85AFF2C4247B10075E7A9 /* CityList.json */ = {isa = PBXFileReference; fileEncoding = 4; lastKnownFileType = text.json; path = CityList.json; sourceTree = "<group>"; };
		E0F85B012C4247EE0075E7A9 /* CityList.swift */ = {isa = PBXFileReference; lastKnownFileType = sourcecode.swift; path = CityList.swift; sourceTree = "<group>"; };
		E0F85B032C42484C0075E7A9 /* CityListViewModel.swift */ = {isa = PBXFileReference; lastKnownFileType = sourcecode.swift; path = CityListViewModel.swift; sourceTree = "<group>"; };
/* End PBXFileReference section */

/* Begin PBXFrameworksBuildPhase section */
		E0F85A8B2C4011680075E7A9 /* Frameworks */ = {
			isa = PBXFrameworksBuildPhase;
			buildActionMask = 2147483647;
			files = (
				E0F85AE72C410E380075E7A9 /* Kingfisher in Frameworks */,
				E0F85AB72C4017310075E7A9 /* SnapKit in Frameworks */,
				E0F85AC22C401C010075E7A9 /* Alamofire in Frameworks */,
			);
			runOnlyForDeploymentPostprocessing = 0;
		};
/* End PBXFrameworksBuildPhase section */

/* Begin PBXGroup section */
		E0F85A852C4011680075E7A9 = {
			isa = PBXGroup;
			children = (
				E0F85A902C4011680075E7A9 /* Weather */,
				E0F85A8F2C4011680075E7A9 /* Products */,
			);
			sourceTree = "<group>";
		};
		E0F85A8F2C4011680075E7A9 /* Products */ = {
			isa = PBXGroup;
			children = (
				E0F85A8E2C4011680075E7A9 /* Weather.app */,
			);
			name = Products;
			sourceTree = "<group>";
		};
		E0F85A902C4011680075E7A9 /* Weather */ = {
			isa = PBXGroup;
			children = (
				E0F85AF52C414F800075E7A9 /* Manager */,
				E0F85ABB2C401A500075E7A9 /* Model */,
				E0F85ACB2C4027C80075E7A9 /* ViewModel */,
				E0F85AB12C4016710075E7A9 /* Resources */,
				E0F85AA72C4012460075E7A9 /* Main */,
				E0F85AFC2C4159060075E7A9 /* CityList */,
				E0F85A912C4011680075E7A9 /* AppDelegate.swift */,
				E0F85A932C4011680075E7A9 /* SceneDelegate.swift */,
				E0F85A9A2C4011690075E7A9 /* Assets.xcassets */,
				E0F85A9C2C4011690075E7A9 /* LaunchScreen.storyboard */,
				E0F85A9F2C4011690075E7A9 /* Info.plist */,
				E0F85AA52C4011D00075E7A9 /* .gitignore */,
			);
			path = Weather;
			sourceTree = "<group>";
		};
		E0F85AA72C4012460075E7A9 /* Main */ = {
			isa = PBXGroup;
			children = (
				E0F85AE02C40DD1F0075E7A9 /* Cell */,
				E0F85AA82C40124D0075E7A9 /* MainViewController.swift */,
				E0F85ADC2C40C1940075E7A9 /* TableViewHeader.swift */,
			);
			path = Main;
			sourceTree = "<group>";
		};
		E0F85AAA2C4013E40075E7A9 /* Base */ = {
			isa = PBXGroup;
			children = (
				E0F85AAB2C4013EC0075E7A9 /* BaseViewController.swift */,
				E0F85AAD2C4014960075E7A9 /* BaseCollectionViewCell.swift */,
				E0F85AAF2C4014FB0075E7A9 /* BaseTableViewCell.swift */,
			);
			path = Base;
			sourceTree = "<group>";
		};
		E0F85AB12C4016710075E7A9 /* Resources */ = {
			isa = PBXGroup;
			children = (
				E0F85AFF2C4247B10075E7A9 /* CityList.json */,
				E0F85AF92C4152E00075E7A9 /* Custom */,
				E0F85AD72C40BE2A0075E7A9 /* Protocol */,
				E0F85AAA2C4013E40075E7A9 /* Base */,
				E0F85AB32C4016820075E7A9 /* Resource.swift */,
				E0F85AB92C4018C30075E7A9 /* APIKey.swift */,
			);
			path = Resources;
			sourceTree = "<group>";
		};
		E0F85ABB2C401A500075E7A9 /* Model */ = {
			isa = PBXGroup;
			children = (
				E0F85ABC2C401A5D0075E7A9 /* CurrentWeather.swift */,
				E0F85AD22C4031740075E7A9 /* RegularWeather.swift */,
				E0F85AEC2C4120C00075E7A9 /* RegularDaysWeather.swift */,
				E0F85B012C4247EE0075E7A9 /* CityList.swift */,
			);
			path = Model;
			sourceTree = "<group>";
		};
		E0F85ACB2C4027C80075E7A9 /* ViewModel */ = {
			isa = PBXGroup;
			children = (
				E0F85ACC2C4027CE0075E7A9 /* Observable.swift */,
				E0F85ACE2C40286A0075E7A9 /* MainViewModel.swift */,
				E0F85B032C42484C0075E7A9 /* CityListViewModel.swift */,
			);
			path = ViewModel;
			sourceTree = "<group>";
		};
		E0F85AD42C40BDA10075E7A9 /* Network */ = {
			isa = PBXGroup;
			children = (
				E0F85AD52C40BDC50075E7A9 /* NetworkService.swift */,
				E0F85AC32C401C720075E7A9 /* URLRequestCase.swift */,
			);
			path = Network;
			sourceTree = "<group>";
		};
		E0F85AD72C40BE2A0075E7A9 /* Protocol */ = {
			isa = PBXGroup;
			children = (
				E0F85AD82C40BE300075E7A9 /* NetworkProtocol.swift */,
				E0F85ADA2C40C0E60075E7A9 /* Identifier.swift */,
			);
			path = Protocol;
			sourceTree = "<group>";
		};
		E0F85AE02C40DD1F0075E7A9 /* Cell */ = {
			isa = PBXGroup;
			children = (
				E0F85AEE2C4124980075E7A9 /* MainTableViewCell */,
				E0F85AE32C40DE980075E7A9 /* RegularHoursCell.swift */,
				E0F85AF12C41258C0075E7A9 /* RegularDaysCell.swift */,
			);
			path = Cell;
			sourceTree = "<group>";
		};
		E0F85AEE2C4124980075E7A9 /* MainTableViewCell */ = {
			isa = PBXGroup;
			children = (
				E0F85AE12C40DD3E0075E7A9 /* RegularHoursTableViewCell.swift */,
				E0F85AEF2C4124B70075E7A9 /* RegularDaysTableViewCell.swift */,
			);
			path = MainTableViewCell;
			sourceTree = "<group>";
		};
		E0F85AF52C414F800075E7A9 /* Manager */ = {
			isa = PBXGroup;
			children = (
				E0F85AD42C40BDA10075E7A9 /* Network */,
				E0F85AE82C41111E0075E7A9 /* UserDefaultsManager.swift */,
				E0F85AF62C414F8C0075E7A9 /* DateFormatterManager.swift */,
			);
			path = Manager;
			sourceTree = "<group>";
		};
		E0F85AF92C4152E00075E7A9 /* Custom */ = {
			isa = PBXGroup;
			children = (
				E0F85AFA2C4152F10075E7A9 /* CustomBorder.swift */,
			);
			path = Custom;
			sourceTree = "<group>";
		};
		E0F85AFC2C4159060075E7A9 /* CityList */ = {
			isa = PBXGroup;
			children = (
				E0F85AFD2C4159590075E7A9 /* CityListViewController.swift */,
			);
			path = CityList;
			sourceTree = "<group>";
		};
/* End PBXGroup section */

/* Begin PBXNativeTarget section */
		E0F85A8D2C4011680075E7A9 /* Weather */ = {
			isa = PBXNativeTarget;
			buildConfigurationList = E0F85AA22C4011690075E7A9 /* Build configuration list for PBXNativeTarget "Weather" */;
			buildPhases = (
				E0F85A8A2C4011680075E7A9 /* Sources */,
				E0F85A8B2C4011680075E7A9 /* Frameworks */,
				E0F85A8C2C4011680075E7A9 /* Resources */,
			);
			buildRules = (
			);
			dependencies = (
			);
			name = Weather;
			packageProductDependencies = (
				E0F85AB62C4017310075E7A9 /* SnapKit */,
				E0F85AC12C401C010075E7A9 /* Alamofire */,
				E0F85AE62C410E380075E7A9 /* Kingfisher */,
			);
			productName = Weather;
			productReference = E0F85A8E2C4011680075E7A9 /* Weather.app */;
			productType = "com.apple.product-type.application";
		};
/* End PBXNativeTarget section */

/* Begin PBXProject section */
		E0F85A862C4011680075E7A9 /* Project object */ = {
			isa = PBXProject;
			attributes = {
				BuildIndependentTargetsInParallel = 1;
				LastSwiftUpdateCheck = 1530;
				LastUpgradeCheck = 1530;
				TargetAttributes = {
					E0F85A8D2C4011680075E7A9 = {
						CreatedOnToolsVersion = 15.3;
					};
				};
			};
			buildConfigurationList = E0F85A892C4011680075E7A9 /* Build configuration list for PBXProject "Weather" */;
			compatibilityVersion = "Xcode 14.0";
			developmentRegion = en;
			hasScannedForEncodings = 0;
			knownRegions = (
				en,
				Base,
			);
			mainGroup = E0F85A852C4011680075E7A9;
			packageReferences = (
				E0F85AB52C4017310075E7A9 /* XCRemoteSwiftPackageReference "SnapKit" */,
				E0F85AC02C401C000075E7A9 /* XCRemoteSwiftPackageReference "Alamofire" */,
				E0F85AE52C410E380075E7A9 /* XCRemoteSwiftPackageReference "Kingfisher" */,
			);
			productRefGroup = E0F85A8F2C4011680075E7A9 /* Products */;
			projectDirPath = "";
			projectRoot = "";
			targets = (
				E0F85A8D2C4011680075E7A9 /* Weather */,
			);
		};
/* End PBXProject section */

/* Begin PBXResourcesBuildPhase section */
		E0F85A8C2C4011680075E7A9 /* Resources */ = {
			isa = PBXResourcesBuildPhase;
			buildActionMask = 2147483647;
			files = (
				E0F85A9B2C4011690075E7A9 /* Assets.xcassets in Resources */,
				E0F85AA62C4011D00075E7A9 /* .gitignore in Resources */,
				E0F85B002C4247B10075E7A9 /* CityList.json in Resources */,
				E0F85A9E2C4011690075E7A9 /* Base in Resources */,
			);
			runOnlyForDeploymentPostprocessing = 0;
		};
/* End PBXResourcesBuildPhase section */

/* Begin PBXSourcesBuildPhase section */
		E0F85A8A2C4011680075E7A9 /* Sources */ = {
			isa = PBXSourcesBuildPhase;
			buildActionMask = 2147483647;
			files = (
				E0F85ACD2C4027CE0075E7A9 /* Observable.swift in Sources */,
				E0F85ADD2C40C1940075E7A9 /* TableViewHeader.swift in Sources */,
				E0F85AAE2C4014960075E7A9 /* BaseCollectionViewCell.swift in Sources */,
				E0F85AD92C40BE300075E7A9 /* NetworkProtocol.swift in Sources */,
				E0F85AC42C401C720075E7A9 /* URLRequestCase.swift in Sources */,
				E0F85AA92C40124D0075E7A9 /* MainViewController.swift in Sources */,
				E0F85AE92C41111E0075E7A9 /* UserDefaultsManager.swift in Sources */,
				E0F85AFB2C4152F10075E7A9 /* CustomBorder.swift in Sources */,
				E0F85ABA2C4018C30075E7A9 /* APIKey.swift in Sources */,
				E0F85AFE2C4159590075E7A9 /* CityListViewController.swift in Sources */,
				E0F85ACF2C40286A0075E7A9 /* MainViewModel.swift in Sources */,
				E0F85AE42C40DE980075E7A9 /* RegularHoursCell.swift in Sources */,
				E0F85AF72C414F8C0075E7A9 /* DateFormatterManager.swift in Sources */,
				E0F85AD32C4031740075E7A9 /* RegularWeather.swift in Sources */,
				E0F85AF22C41258C0075E7A9 /* RegularDaysCell.swift in Sources */,
				E0F85B042C42484C0075E7A9 /* CityListViewModel.swift in Sources */,
				E0F85AB42C4016820075E7A9 /* Resource.swift in Sources */,
				E0F85ABD2C401A5D0075E7A9 /* CurrentWeather.swift in Sources */,
				E0F85AD62C40BDC50075E7A9 /* NetworkService.swift in Sources */,
				E0F85AAC2C4013EC0075E7A9 /* BaseViewController.swift in Sources */,
				E0F85B022C4247EE0075E7A9 /* CityList.swift in Sources */,
				E0F85AF02C4124B70075E7A9 /* RegularDaysTableViewCell.swift in Sources */,
				E0F85AED2C4120C00075E7A9 /* RegularDaysWeather.swift in Sources */,
				E0F85A922C4011680075E7A9 /* AppDelegate.swift in Sources */,
				E0F85AB02C4014FB0075E7A9 /* BaseTableViewCell.swift in Sources */,
				E0F85ADB2C40C0E60075E7A9 /* Identifier.swift in Sources */,
				E0F85AE22C40DD3E0075E7A9 /* RegularHoursTableViewCell.swift in Sources */,
				E0F85A942C4011680075E7A9 /* SceneDelegate.swift in Sources */,
			);
			runOnlyForDeploymentPostprocessing = 0;
		};
/* End PBXSourcesBuildPhase section */

/* Begin PBXVariantGroup section */
		E0F85A9C2C4011690075E7A9 /* LaunchScreen.storyboard */ = {
			isa = PBXVariantGroup;
			children = (
				E0F85A9D2C4011690075E7A9 /* Base */,
			);
			name = LaunchScreen.storyboard;
			sourceTree = "<group>";
		};
/* End PBXVariantGroup section */

/* Begin XCBuildConfiguration section */
		E0F85AA02C4011690075E7A9 /* Debug */ = {
			isa = XCBuildConfiguration;
			buildSettings = {
				ALWAYS_SEARCH_USER_PATHS = NO;
				ASSETCATALOG_COMPILER_GENERATE_SWIFT_ASSET_SYMBOL_EXTENSIONS = YES;
				CLANG_ANALYZER_NONNULL = YES;
				CLANG_ANALYZER_NUMBER_OBJECT_CONVERSION = YES_AGGRESSIVE;
				CLANG_CXX_LANGUAGE_STANDARD = "gnu++20";
				CLANG_ENABLE_MODULES = YES;
				CLANG_ENABLE_OBJC_ARC = YES;
				CLANG_ENABLE_OBJC_WEAK = YES;
				CLANG_WARN_BLOCK_CAPTURE_AUTORELEASING = YES;
				CLANG_WARN_BOOL_CONVERSION = YES;
				CLANG_WARN_COMMA = YES;
				CLANG_WARN_CONSTANT_CONVERSION = YES;
				CLANG_WARN_DEPRECATED_OBJC_IMPLEMENTATIONS = YES;
				CLANG_WARN_DIRECT_OBJC_ISA_USAGE = YES_ERROR;
				CLANG_WARN_DOCUMENTATION_COMMENTS = YES;
				CLANG_WARN_EMPTY_BODY = YES;
				CLANG_WARN_ENUM_CONVERSION = YES;
				CLANG_WARN_INFINITE_RECURSION = YES;
				CLANG_WARN_INT_CONVERSION = YES;
				CLANG_WARN_NON_LITERAL_NULL_CONVERSION = YES;
				CLANG_WARN_OBJC_IMPLICIT_RETAIN_SELF = YES;
				CLANG_WARN_OBJC_LITERAL_CONVERSION = YES;
				CLANG_WARN_OBJC_ROOT_CLASS = YES_ERROR;
				CLANG_WARN_QUOTED_INCLUDE_IN_FRAMEWORK_HEADER = YES;
				CLANG_WARN_RANGE_LOOP_ANALYSIS = YES;
				CLANG_WARN_STRICT_PROTOTYPES = YES;
				CLANG_WARN_SUSPICIOUS_MOVE = YES;
				CLANG_WARN_UNGUARDED_AVAILABILITY = YES_AGGRESSIVE;
				CLANG_WARN_UNREACHABLE_CODE = YES;
				CLANG_WARN__DUPLICATE_METHOD_MATCH = YES;
				COPY_PHASE_STRIP = NO;
				DEBUG_INFORMATION_FORMAT = dwarf;
				ENABLE_STRICT_OBJC_MSGSEND = YES;
				ENABLE_TESTABILITY = YES;
				ENABLE_USER_SCRIPT_SANDBOXING = YES;
				GCC_C_LANGUAGE_STANDARD = gnu17;
				GCC_DYNAMIC_NO_PIC = NO;
				GCC_NO_COMMON_BLOCKS = YES;
				GCC_OPTIMIZATION_LEVEL = 0;
				GCC_PREPROCESSOR_DEFINITIONS = (
					"DEBUG=1",
					"$(inherited)",
				);
				GCC_WARN_64_TO_32_BIT_CONVERSION = YES;
				GCC_WARN_ABOUT_RETURN_TYPE = YES_ERROR;
				GCC_WARN_UNDECLARED_SELECTOR = YES;
				GCC_WARN_UNINITIALIZED_AUTOS = YES_AGGRESSIVE;
				GCC_WARN_UNUSED_FUNCTION = YES;
				GCC_WARN_UNUSED_VARIABLE = YES;
				IPHONEOS_DEPLOYMENT_TARGET = 17.4;
				LOCALIZATION_PREFERS_STRING_CATALOGS = YES;
				MTL_ENABLE_DEBUG_INFO = INCLUDE_SOURCE;
				MTL_FAST_MATH = YES;
				ONLY_ACTIVE_ARCH = YES;
				SDKROOT = iphoneos;
				SWIFT_ACTIVE_COMPILATION_CONDITIONS = "DEBUG $(inherited)";
				SWIFT_OPTIMIZATION_LEVEL = "-Onone";
			};
			name = Debug;
		};
		E0F85AA12C4011690075E7A9 /* Release */ = {
			isa = XCBuildConfiguration;
			buildSettings = {
				ALWAYS_SEARCH_USER_PATHS = NO;
				ASSETCATALOG_COMPILER_GENERATE_SWIFT_ASSET_SYMBOL_EXTENSIONS = YES;
				CLANG_ANALYZER_NONNULL = YES;
				CLANG_ANALYZER_NUMBER_OBJECT_CONVERSION = YES_AGGRESSIVE;
				CLANG_CXX_LANGUAGE_STANDARD = "gnu++20";
				CLANG_ENABLE_MODULES = YES;
				CLANG_ENABLE_OBJC_ARC = YES;
				CLANG_ENABLE_OBJC_WEAK = YES;
				CLANG_WARN_BLOCK_CAPTURE_AUTORELEASING = YES;
				CLANG_WARN_BOOL_CONVERSION = YES;
				CLANG_WARN_COMMA = YES;
				CLANG_WARN_CONSTANT_CONVERSION = YES;
				CLANG_WARN_DEPRECATED_OBJC_IMPLEMENTATIONS = YES;
				CLANG_WARN_DIRECT_OBJC_ISA_USAGE = YES_ERROR;
				CLANG_WARN_DOCUMENTATION_COMMENTS = YES;
				CLANG_WARN_EMPTY_BODY = YES;
				CLANG_WARN_ENUM_CONVERSION = YES;
				CLANG_WARN_INFINITE_RECURSION = YES;
				CLANG_WARN_INT_CONVERSION = YES;
				CLANG_WARN_NON_LITERAL_NULL_CONVERSION = YES;
				CLANG_WARN_OBJC_IMPLICIT_RETAIN_SELF = YES;
				CLANG_WARN_OBJC_LITERAL_CONVERSION = YES;
				CLANG_WARN_OBJC_ROOT_CLASS = YES_ERROR;
				CLANG_WARN_QUOTED_INCLUDE_IN_FRAMEWORK_HEADER = YES;
				CLANG_WARN_RANGE_LOOP_ANALYSIS = YES;
				CLANG_WARN_STRICT_PROTOTYPES = YES;
				CLANG_WARN_SUSPICIOUS_MOVE = YES;
				CLANG_WARN_UNGUARDED_AVAILABILITY = YES_AGGRESSIVE;
				CLANG_WARN_UNREACHABLE_CODE = YES;
				CLANG_WARN__DUPLICATE_METHOD_MATCH = YES;
				COPY_PHASE_STRIP = NO;
				DEBUG_INFORMATION_FORMAT = "dwarf-with-dsym";
				ENABLE_NS_ASSERTIONS = NO;
				ENABLE_STRICT_OBJC_MSGSEND = YES;
				ENABLE_USER_SCRIPT_SANDBOXING = YES;
				GCC_C_LANGUAGE_STANDARD = gnu17;
				GCC_NO_COMMON_BLOCKS = YES;
				GCC_WARN_64_TO_32_BIT_CONVERSION = YES;
				GCC_WARN_ABOUT_RETURN_TYPE = YES_ERROR;
				GCC_WARN_UNDECLARED_SELECTOR = YES;
				GCC_WARN_UNINITIALIZED_AUTOS = YES_AGGRESSIVE;
				GCC_WARN_UNUSED_FUNCTION = YES;
				GCC_WARN_UNUSED_VARIABLE = YES;
				IPHONEOS_DEPLOYMENT_TARGET = 17.4;
				LOCALIZATION_PREFERS_STRING_CATALOGS = YES;
				MTL_ENABLE_DEBUG_INFO = NO;
				MTL_FAST_MATH = YES;
				SDKROOT = iphoneos;
				SWIFT_COMPILATION_MODE = wholemodule;
				VALIDATE_PRODUCT = YES;
			};
			name = Release;
		};
		E0F85AA32C4011690075E7A9 /* Debug */ = {
			isa = XCBuildConfiguration;
			buildSettings = {
				ASSETCATALOG_COMPILER_APPICON_NAME = AppIcon;
				ASSETCATALOG_COMPILER_GLOBAL_ACCENT_COLOR_NAME = AccentColor;
				CODE_SIGN_STYLE = Automatic;
				CURRENT_PROJECT_VERSION = 1;
				DEVELOPMENT_TEAM = L348QC8MG7;
				GENERATE_INFOPLIST_FILE = YES;
				INFOPLIST_FILE = Weather/Info.plist;
				INFOPLIST_KEY_UIApplicationSupportsIndirectInputEvents = YES;
				INFOPLIST_KEY_UILaunchStoryboardName = LaunchScreen;
				INFOPLIST_KEY_UISupportedInterfaceOrientations = UIInterfaceOrientationPortrait;
				INFOPLIST_KEY_UISupportedInterfaceOrientations_iPad = UIInterfaceOrientationPortrait;
				IPHONEOS_DEPLOYMENT_TARGET = 16.0;
				LD_RUNPATH_SEARCH_PATHS = (
					"$(inherited)",
					"@executable_path/Frameworks",
				);
				MARKETING_VERSION = 1.0;
				PRODUCT_BUNDLE_IDENTIFIER = jeongyun.Weather;
				PRODUCT_NAME = "$(TARGET_NAME)";
				SUPPORTED_PLATFORMS = "iphoneos iphonesimulator";
				SUPPORTS_MACCATALYST = NO;
				SUPPORTS_MAC_DESIGNED_FOR_IPHONE_IPAD = NO;
				SUPPORTS_XR_DESIGNED_FOR_IPHONE_IPAD = NO;
				SWIFT_EMIT_LOC_STRINGS = YES;
				SWIFT_VERSION = 5.0;
				TARGETED_DEVICE_FAMILY = 1;
			};
			name = Debug;
		};
		E0F85AA42C4011690075E7A9 /* Release */ = {
			isa = XCBuildConfiguration;
			buildSettings = {
				ASSETCATALOG_COMPILER_APPICON_NAME = AppIcon;
				ASSETCATALOG_COMPILER_GLOBAL_ACCENT_COLOR_NAME = AccentColor;
				CODE_SIGN_STYLE = Automatic;
				CURRENT_PROJECT_VERSION = 1;
				DEVELOPMENT_TEAM = L348QC8MG7;
				GENERATE_INFOPLIST_FILE = YES;
				INFOPLIST_FILE = Weather/Info.plist;
				INFOPLIST_KEY_UIApplicationSupportsIndirectInputEvents = YES;
				INFOPLIST_KEY_UILaunchStoryboardName = LaunchScreen;
				INFOPLIST_KEY_UISupportedInterfaceOrientations = UIInterfaceOrientationPortrait;
				INFOPLIST_KEY_UISupportedInterfaceOrientations_iPad = UIInterfaceOrientationPortrait;
				IPHONEOS_DEPLOYMENT_TARGET = 16.0;
				LD_RUNPATH_SEARCH_PATHS = (
					"$(inherited)",
					"@executable_path/Frameworks",
				);
				MARKETING_VERSION = 1.0;
				PRODUCT_BUNDLE_IDENTIFIER = jeongyun.Weather;
				PRODUCT_NAME = "$(TARGET_NAME)";
				SUPPORTED_PLATFORMS = "iphoneos iphonesimulator";
				SUPPORTS_MACCATALYST = NO;
				SUPPORTS_MAC_DESIGNED_FOR_IPHONE_IPAD = NO;
				SUPPORTS_XR_DESIGNED_FOR_IPHONE_IPAD = NO;
				SWIFT_EMIT_LOC_STRINGS = YES;
				SWIFT_VERSION = 5.0;
				TARGETED_DEVICE_FAMILY = 1;
			};
			name = Release;
		};
/* End XCBuildConfiguration section */

/* Begin XCConfigurationList section */
		E0F85A892C4011680075E7A9 /* Build configuration list for PBXProject "Weather" */ = {
			isa = XCConfigurationList;
			buildConfigurations = (
				E0F85AA02C4011690075E7A9 /* Debug */,
				E0F85AA12C4011690075E7A9 /* Release */,
			);
			defaultConfigurationIsVisible = 0;
			defaultConfigurationName = Release;
		};
		E0F85AA22C4011690075E7A9 /* Build configuration list for PBXNativeTarget "Weather" */ = {
			isa = XCConfigurationList;
			buildConfigurations = (
				E0F85AA32C4011690075E7A9 /* Debug */,
				E0F85AA42C4011690075E7A9 /* Release */,
			);
			defaultConfigurationIsVisible = 0;
			defaultConfigurationName = Release;
		};
/* End XCConfigurationList section */

/* Begin XCRemoteSwiftPackageReference section */
		E0F85AB52C4017310075E7A9 /* XCRemoteSwiftPackageReference "SnapKit" */ = {
			isa = XCRemoteSwiftPackageReference;
			repositoryURL = "https://github.com/SnapKit/SnapKit";
			requirement = {
				kind = upToNextMajorVersion;
				minimumVersion = 5.7.1;
			};
		};
		E0F85AC02C401C000075E7A9 /* XCRemoteSwiftPackageReference "Alamofire" */ = {
			isa = XCRemoteSwiftPackageReference;
			repositoryURL = "https://github.com/Alamofire/Alamofire";
			requirement = {
				kind = upToNextMajorVersion;
				minimumVersion = 5.9.1;
			};
		};
		E0F85AE52C410E380075E7A9 /* XCRemoteSwiftPackageReference "Kingfisher" */ = {
			isa = XCRemoteSwiftPackageReference;
			repositoryURL = "https://github.com/onevcat/Kingfisher.git";
			requirement = {
				kind = upToNextMajorVersion;
				minimumVersion = 7.12.0;
			};
		};
/* End XCRemoteSwiftPackageReference section */

/* Begin XCSwiftPackageProductDependency section */
		E0F85AB62C4017310075E7A9 /* SnapKit */ = {
			isa = XCSwiftPackageProductDependency;
			package = E0F85AB52C4017310075E7A9 /* XCRemoteSwiftPackageReference "SnapKit" */;
			productName = SnapKit;
		};
		E0F85AC12C401C010075E7A9 /* Alamofire */ = {
			isa = XCSwiftPackageProductDependency;
			package = E0F85AC02C401C000075E7A9 /* XCRemoteSwiftPackageReference "Alamofire" */;
			productName = Alamofire;
		};
		E0F85AE62C410E380075E7A9 /* Kingfisher */ = {
			isa = XCSwiftPackageProductDependency;
			package = E0F85AE52C410E380075E7A9 /* XCRemoteSwiftPackageReference "Kingfisher" */;
			productName = Kingfisher;
		};
/* End XCSwiftPackageProductDependency section */
	};
	rootObject = E0F85A862C4011680075E7A9 /* Project object */;
}
